// !$*UTF8*$!
{
	archiveVersion = 1;
	classes = {
	};
	objectVersion = 77;
	objects = {

/* Begin PBXBuildFile section */
		010000000000000000000001 /* OllamaDashboardApp.swift in Sources */ = {isa = PBXBuildFile; fileRef = 020000000000000000000001 /* OllamaDashboardApp.swift */; };
		010000000000000000000002 /* AppState.swift in Sources */ = {isa = PBXBuildFile; fileRef = 020000000000000000000002 /* AppState.swift */; };
		010000000000000000000003 /* OllamaModels.swift in Sources */ = {isa = PBXBuildFile; fileRef = 020000000000000000000003 /* OllamaModels.swift */; };
		010000000000000000000004 /* AppSettings.swift in Sources */ = {isa = PBXBuildFile; fileRef = 020000000000000000000004 /* AppSettings.swift */; };
		010000000000000000000005 /* RuntimeProfile.swift in Sources */ = {isa = PBXBuildFile; fileRef = 020000000000000000000005 /* RuntimeProfile.swift */; };
		010000000000000000000006 /* OllamaAPIClient.swift in Sources */ = {isa = PBXBuildFile; fileRef = 020000000000000000000006 /* OllamaAPIClient.swift */; };
		010000000000000000000007 /* OllamaCLIClient.swift in Sources */ = {isa = PBXBuildFile; fileRef = 020000000000000000000007 /* OllamaCLIClient.swift */; };
		010000000000000000000008 /* OllamaServiceMonitor.swift in Sources */ = {isa = PBXBuildFile; fileRef = 020000000000000000000008 /* OllamaServiceMonitor.swift */; };
		010000000000000000000009 /* BenchmarkService.swift in Sources */ = {isa = PBXBuildFile; fileRef = 020000000000000000000009 /* BenchmarkService.swift */; };
		01000000000000000000000A /* ProfileManager.swift in Sources */ = {isa = PBXBuildFile; fileRef = 02000000000000000000000A /* ProfileManager.swift */; };
		01000000000000000000000B /* ByteFormatter.swift in Sources */ = {isa = PBXBuildFile; fileRef = 02000000000000000000000B /* ByteFormatter.swift */; };
		01000000000000000000000C /* DurationFormatter.swift in Sources */ = {isa = PBXBuildFile; fileRef = 02000000000000000000000C /* DurationFormatter.swift */; };
		01000000000000000000000D /* ModelNameValidator.swift in Sources */ = {isa = PBXBuildFile; fileRef = 02000000000000000000000D /* ModelNameValidator.swift */; };
		01000000000000000000000E /* Logger.swift in Sources */ = {isa = PBXBuildFile; fileRef = 02000000000000000000000E /* Logger.swift */; };
		01000000000000000000000F /* MenuBarView.swift in Sources */ = {isa = PBXBuildFile; fileRef = 02000000000000000000000F /* MenuBarView.swift */; };
		010000000000000000000010 /* CommonViews.swift in Sources */ = {isa = PBXBuildFile; fileRef = 020000000000000000000010 /* CommonViews.swift */; };
		010000000000000000000011 /* ServiceStatusView.swift in Sources */ = {isa = PBXBuildFile; fileRef = 020000000000000000000011 /* ServiceStatusView.swift */; };
		010000000000000000000012 /* InstalledModelsView.swift in Sources */ = {isa = PBXBuildFile; fileRef = 020000000000000000000012 /* InstalledModelsView.swift */; };
		010000000000000000000013 /* RunningModelsView.swift in Sources */ = {isa = PBXBuildFile; fileRef = 020000000000000000000013 /* RunningModelsView.swift */; };
		010000000000000000000014 /* ContextView.swift in Sources */ = {isa = PBXBuildFile; fileRef = 020000000000000000000014 /* ContextView.swift */; };
		010000000000000000000015 /* BenchmarkView.swift in Sources */ = {isa = PBXBuildFile; fileRef = 020000000000000000000015 /* BenchmarkView.swift */; };
		010000000000000000000016 /* ProfilesView.swift in Sources */ = {isa = PBXBuildFile; fileRef = 020000000000000000000016 /* ProfilesView.swift */; };
		010000000000000000000017 /* SettingsView.swift in Sources */ = {isa = PBXBuildFile; fileRef = 020000000000000000000017 /* SettingsView.swift */; };
		010000000000000000000018 /* AdvancedView.swift in Sources */ = {isa = PBXBuildFile; fileRef = 020000000000000000000018 /* AdvancedView.swift */; };
		010000000000000000000019 /* Assets.xcassets in Resources */ = {isa = PBXBuildFile; fileRef = 020000000000000000000019 /* Assets.xcassets */; };
		010000000000000000000101 /* ModelParsingTests.swift in Sources */ = {isa = PBXBuildFile; fileRef = 020000000000000000000101 /* ModelParsingTests.swift */; };
		010000000000000000000102 /* OllamaAPIClientTests.swift in Sources */ = {isa = PBXBuildFile; fileRef = 020000000000000000000102 /* OllamaAPIClientTests.swift */; };
		010000000000000000000103 /* Fixtures.swift in Sources */ = {isa = PBXBuildFile; fileRef = 020000000000000000000103 /* Fixtures.swift */; };
		010000000000000000000104 /* tags.json in Resources */ = {isa = PBXBuildFile; fileRef = 020000000000000000000104 /* tags.json */; };
		010000000000000000000105 /* ps.json in Resources */ = {isa = PBXBuildFile; fileRef = 020000000000000000000105 /* ps.json */; };
		010000000000000000000106 /* generate.json in Resources */ = {isa = PBXBuildFile; fileRef = 020000000000000000000106 /* generate.json */; };
		010000000000000000000107 /* TestDoubles.swift in Sources */ = {isa = PBXBuildFile; fileRef = 020000000000000000000107 /* TestDoubles.swift */; };
		010000000000000000000108 /* OllamaAPIClientRequestTests.swift in Sources */ = {isa = PBXBuildFile; fileRef = 020000000000000000000108 /* OllamaAPIClientRequestTests.swift */; };
		010000000000000000000109 /* OllamaServiceMonitorTests.swift in Sources */ = {isa = PBXBuildFile; fileRef = 020000000000000000000109 /* OllamaServiceMonitorTests.swift */; };
		01000000000000000000010A /* ProfileAndSettingsTests.swift in Sources */ = {isa = PBXBuildFile; fileRef = 02000000000000000000010A /* ProfileAndSettingsTests.swift */; };
		01000000000000000000010B /* FormattingAndViewPolicyTests.swift in Sources */ = {isa = PBXBuildFile; fileRef = 02000000000000000000010B /* FormattingAndViewPolicyTests.swift */; };
/* End PBXBuildFile section */

/* Begin PBXContainerItemProxy section */
		030000000000000000000001 /* PBXContainerItemProxy */ = {
			isa = PBXContainerItemProxy;
			containerPortal = 090000000000000000000001 /* Project object */;
			proxyType = 1;
			remoteGlobalIDString = 060000000000000000000001;
			remoteInfo = OllamaDashboard;
		};
/* End PBXContainerItemProxy section */

/* Begin PBXFileReference section */
		020000000000000000000001 /* OllamaDashboardApp.swift */ = {isa = PBXFileReference; lastKnownFileType = sourcecode.swift; path = App/OllamaDashboardApp.swift; sourceTree = "<group>"; };
		020000000000000000000002 /* AppState.swift */ = {isa = PBXFileReference; lastKnownFileType = sourcecode.swift; path = App/AppState.swift; sourceTree = "<group>"; };
		020000000000000000000003 /* OllamaModels.swift */ = {isa = PBXFileReference; lastKnownFileType = sourcecode.swift; path = Models/OllamaModels.swift; sourceTree = "<group>"; };
		020000000000000000000004 /* AppSettings.swift */ = {isa = PBXFileReference; lastKnownFileType = sourcecode.swift; path = Models/AppSettings.swift; sourceTree = "<group>"; };
		020000000000000000000005 /* RuntimeProfile.swift */ = {isa = PBXFileReference; lastKnownFileType = sourcecode.swift; path = Models/RuntimeProfile.swift; sourceTree = "<group>"; };
		020000000000000000000006 /* OllamaAPIClient.swift */ = {isa = PBXFileReference; lastKnownFileType = sourcecode.swift; path = Services/OllamaAPIClient.swift; sourceTree = "<group>"; };
		020000000000000000000007 /* OllamaCLIClient.swift */ = {isa = PBXFileReference; lastKnownFileType = sourcecode.swift; path = Services/OllamaCLIClient.swift; sourceTree = "<group>"; };
		020000000000000000000008 /* OllamaServiceMonitor.swift */ = {isa = PBXFileReference; lastKnownFileType = sourcecode.swift; path = Services/OllamaServiceMonitor.swift; sourceTree = "<group>"; };
		020000000000000000000009 /* BenchmarkService.swift */ = {isa = PBXFileReference; lastKnownFileType = sourcecode.swift; path = Services/BenchmarkService.swift; sourceTree = "<group>"; };
		02000000000000000000000A /* ProfileManager.swift */ = {isa = PBXFileReference; lastKnownFileType = sourcecode.swift; path = Services/ProfileManager.swift; sourceTree = "<group>"; };
		02000000000000000000000B /* ByteFormatter.swift */ = {isa = PBXFileReference; lastKnownFileType = sourcecode.swift; path = Utilities/ByteFormatter.swift; sourceTree = "<group>"; };
		02000000000000000000000C /* DurationFormatter.swift */ = {isa = PBXFileReference; lastKnownFileType = sourcecode.swift; path = Utilities/DurationFormatter.swift; sourceTree = "<group>"; };
		02000000000000000000000D /* ModelNameValidator.swift */ = {isa = PBXFileReference; lastKnownFileType = sourcecode.swift; path = Utilities/ModelNameValidator.swift; sourceTree = "<group>"; };
		02000000000000000000000E /* Logger.swift */ = {isa = PBXFileReference; lastKnownFileType = sourcecode.swift; path = Utilities/Logger.swift; sourceTree = "<group>"; };
		02000000000000000000000F /* MenuBarView.swift */ = {isa = PBXFileReference; lastKnownFileType = sourcecode.swift; path = Views/MenuBarView.swift; sourceTree = "<group>"; };
		020000000000000000000010 /* CommonViews.swift */ = {isa = PBXFileReference; lastKnownFileType = sourcecode.swift; path = Views/CommonViews.swift; sourceTree = "<group>"; };
		020000000000000000000011 /* ServiceStatusView.swift */ = {isa = PBXFileReference; lastKnownFileType = sourcecode.swift; path = Views/ServiceStatusView.swift; sourceTree = "<group>"; };
		020000000000000000000012 /* InstalledModelsView.swift */ = {isa = PBXFileReference; lastKnownFileType = sourcecode.swift; path = Views/InstalledModelsView.swift; sourceTree = "<group>"; };
		020000000000000000000013 /* RunningModelsView.swift */ = {isa = PBXFileReference; lastKnownFileType = sourcecode.swift; path = Views/RunningModelsView.swift; sourceTree = "<group>"; };
		020000000000000000000014 /* ContextView.swift */ = {isa = PBXFileReference; lastKnownFileType = sourcecode.swift; path = Views/ContextView.swift; sourceTree = "<group>"; };
		020000000000000000000015 /* BenchmarkView.swift */ = {isa = PBXFileReference; lastKnownFileType = sourcecode.swift; path = Views/BenchmarkView.swift; sourceTree = "<group>"; };
		020000000000000000000016 /* ProfilesView.swift */ = {isa = PBXFileReference; lastKnownFileType = sourcecode.swift; path = Views/ProfilesView.swift; sourceTree = "<group>"; };
		020000000000000000000017 /* SettingsView.swift */ = {isa = PBXFileReference; lastKnownFileType = sourcecode.swift; path = Views/SettingsView.swift; sourceTree = "<group>"; };
		020000000000000000000018 /* AdvancedView.swift */ = {isa = PBXFileReference; lastKnownFileType = sourcecode.swift; path = Views/AdvancedView.swift; sourceTree = "<group>"; };
		020000000000000000000019 /* Assets.xcassets */ = {isa = PBXFileReference; lastKnownFileType = folder.assetcatalog; path = Assets.xcassets; sourceTree = "<group>"; };
		020000000000000000000101 /* ModelParsingTests.swift */ = {isa = PBXFileReference; lastKnownFileType = sourcecode.swift; path = ModelParsingTests.swift; sourceTree = "<group>"; };
		020000000000000000000102 /* OllamaAPIClientTests.swift */ = {isa = PBXFileReference; lastKnownFileType = sourcecode.swift; path = OllamaAPIClientTests.swift; sourceTree = "<group>"; };
		020000000000000000000103 /* Fixtures.swift */ = {isa = PBXFileReference; lastKnownFileType = sourcecode.swift; path = Fixtures.swift; sourceTree = "<group>"; };
		020000000000000000000104 /* tags.json */ = {isa = PBXFileReference; lastKnownFileType = text.json; path = Fixtures/tags.json; sourceTree = "<group>"; };
		020000000000000000000105 /* ps.json */ = {isa = PBXFileReference; lastKnownFileType = text.json; path = Fixtures/ps.json; sourceTree = "<group>"; };
		020000000000000000000106 /* generate.json */ = {isa = PBXFileReference; lastKnownFileType = text.json; path = Fixtures/generate.json; sourceTree = "<group>"; };
		020000000000000000000107 /* TestDoubles.swift */ = {isa = PBXFileReference; lastKnownFileType = sourcecode.swift; path = TestDoubles.swift; sourceTree = "<group>"; };
		020000000000000000000108 /* OllamaAPIClientRequestTests.swift */ = {isa = PBXFileReference; lastKnownFileType = sourcecode.swift; path = OllamaAPIClientRequestTests.swift; sourceTree = "<group>"; };
		020000000000000000000109 /* OllamaServiceMonitorTests.swift */ = {isa = PBXFileReference; lastKnownFileType = sourcecode.swift; path = OllamaServiceMonitorTests.swift; sourceTree = "<group>"; };
		02000000000000000000010A /* ProfileAndSettingsTests.swift */ = {isa = PBXFileReference; lastKnownFileType = sourcecode.swift; path = ProfileAndSettingsTests.swift; sourceTree = "<group>"; };
		02000000000000000000010B /* FormattingAndViewPolicyTests.swift */ = {isa = PBXFileReference; lastKnownFileType = sourcecode.swift; path = FormattingAndViewPolicyTests.swift; sourceTree = "<group>"; };
		040000000000000000000001 /* OllamaDashboard.app */ = {isa = PBXFileReference; explicitFileType = wrapper.application; includeInIndex = 0; path = OllamaDashboard.app; sourceTree = BUILT_PRODUCTS_DIR; };
		040000000000000000000002 /* OllamaDashboardTests.xctest */ = {isa = PBXFileReference; explicitFileType = wrapper.cfbundle; includeInIndex = 0; path = OllamaDashboardTests.xctest; sourceTree = BUILT_PRODUCTS_DIR; };
/* End PBXFileReference section */

/* Begin PBXFrameworksBuildPhase section */
		050000000000000000000001 /* Frameworks */ = {isa = PBXFrameworksBuildPhase; buildActionMask = 2147483647; files = (); runOnlyForDeploymentPostprocessing = 0; };
		050000000000000000000002 /* Frameworks */ = {isa = PBXFrameworksBuildPhase; buildActionMask = 2147483647; files = (); runOnlyForDeploymentPostprocessing = 0; };
/* End PBXFrameworksBuildPhase section */

/* Begin PBXGroup section */
		070000000000000000000001 = {
			isa = PBXGroup;
			children = (
				070000000000000000000002 /* OllamaDashboard */,
				070000000000000000000003 /* OllamaDashboardTests */,
				070000000000000000000004 /* Products */,
			);
			sourceTree = "<group>";
		};
		070000000000000000000002 /* OllamaDashboard */ = {
			isa = PBXGroup;
			children = (
				020000000000000000000001 /* OllamaDashboardApp.swift */,
				020000000000000000000002 /* AppState.swift */,
				020000000000000000000003 /* OllamaModels.swift */,
				020000000000000000000004 /* AppSettings.swift */,
				020000000000000000000005 /* RuntimeProfile.swift */,
				020000000000000000000006 /* OllamaAPIClient.swift */,
				020000000000000000000007 /* OllamaCLIClient.swift */,
				020000000000000000000008 /* OllamaServiceMonitor.swift */,
				020000000000000000000009 /* BenchmarkService.swift */,
				02000000000000000000000A /* ProfileManager.swift */,
				02000000000000000000000B /* ByteFormatter.swift */,
				02000000000000000000000C /* DurationFormatter.swift */,
				02000000000000000000000D /* ModelNameValidator.swift */,
				02000000000000000000000E /* Logger.swift */,
				02000000000000000000000F /* MenuBarView.swift */,
				020000000000000000000010 /* CommonViews.swift */,
				020000000000000000000011 /* ServiceStatusView.swift */,
				020000000000000000000012 /* InstalledModelsView.swift */,
				020000000000000000000013 /* RunningModelsView.swift */,
				020000000000000000000014 /* ContextView.swift */,
				020000000000000000000015 /* BenchmarkView.swift */,
				020000000000000000000016 /* ProfilesView.swift */,
				020000000000000000000017 /* SettingsView.swift */,
				020000000000000000000018 /* AdvancedView.swift */,
				020000000000000000000019 /* Assets.xcassets */,
			);
			path = OllamaDashboard;
			sourceTree = "<group>";
		};
		070000000000000000000003 /* OllamaDashboardTests */ = {
			isa = PBXGroup;
			children = (
				020000000000000000000101 /* ModelParsingTests.swift */,
				020000000000000000000102 /* OllamaAPIClientTests.swift */,
				020000000000000000000108 /* OllamaAPIClientRequestTests.swift */,
				020000000000000000000109 /* OllamaServiceMonitorTests.swift */,
				02000000000000000000010A /* ProfileAndSettingsTests.swift */,
				02000000000000000000010B /* FormattingAndViewPolicyTests.swift */,
				020000000000000000000107 /* TestDoubles.swift */,
				020000000000000000000103 /* Fixtures.swift */,
				020000000000000000000104 /* tags.json */,
				020000000000000000000105 /* ps.json */,
				020000000000000000000106 /* generate.json */,
			);
			path = OllamaDashboardTests;
			sourceTree = "<group>";
		};
		070000000000000000000004 /* Products */ = {
			isa = PBXGroup;
			children = (
				040000000000000000000001 /* OllamaDashboard.app */,
				040000000000000000000002 /* OllamaDashboardTests.xctest */,
			);
			name = Products;
			sourceTree = "<group>";
		};
/* End PBXGroup section */

/* Begin PBXNativeTarget section */
		060000000000000000000001 /* OllamaDashboard */ = {
			isa = PBXNativeTarget;
			buildConfigurationList = 080000000000000000000011 /* Build configuration list for PBXNativeTarget "OllamaDashboard" */;
			buildPhases = (
				0A0000000000000000000001 /* Sources */,
				050000000000000000000001 /* Frameworks */,
				0B0000000000000000000001 /* Resources */,
			);
			buildRules = ();
			dependencies = ();
			name = OllamaDashboard;
			productName = OllamaDashboard;
			productReference = 040000000000000000000001 /* OllamaDashboard.app */;
			productType = "com.apple.product-type.application";
		};
		060000000000000000000002 /* OllamaDashboardTests */ = {
			isa = PBXNativeTarget;
			buildConfigurationList = 080000000000000000000021 /* Build configuration list for PBXNativeTarget "OllamaDashboardTests" */;
			buildPhases = (
				0A0000000000000000000002 /* Sources */,
				050000000000000000000002 /* Frameworks */,
				0B0000000000000000000002 /* Resources */,
			);
			buildRules = ();
			dependencies = (
				0C0000000000000000000001 /* PBXTargetDependency */,
			);
			name = OllamaDashboardTests;
			productName = OllamaDashboardTests;
			productReference = 040000000000000000000002 /* OllamaDashboardTests.xctest */;
			productType = "com.apple.product-type.bundle.unit-test";
		};
/* End PBXNativeTarget section */

/* Begin PBXProject section */
		090000000000000000000001 /* Project object */ = {
			isa = PBXProject;
			attributes = {
				BuildIndependentTargetsInParallel = 1;
				LastSwiftUpdateCheck = 2650;
				LastUpgradeCheck = 2650;
				TargetAttributes = {
					060000000000000000000001 = { CreatedOnToolsVersion = 26.5; };
					060000000000000000000002 = { CreatedOnToolsVersion = 26.5; TestTargetID = 060000000000000000000001; };
				};
			};
			buildConfigurationList = 080000000000000000000001 /* Build configuration list for PBXProject "OllamaDashboard" */;
			developmentRegion = en;
			hasScannedForEncodings = 0;
			knownRegions = (en, Base);
			mainGroup = 070000000000000000000001;
			minimizedProjectReferenceProxies = 1;
			preferredProjectObjectVersion = 77;
			productRefGroup = 070000000000000000000004 /* Products */;
			projectDirPath = "";
			projectRoot = "";
			targets = (
				060000000000000000000001 /* OllamaDashboard */,
				060000000000000000000002 /* OllamaDashboardTests */,
			);
		};
/* End PBXProject section */

/* Begin PBXResourcesBuildPhase section */
		0B0000000000000000000001 /* Resources */ = {
			isa = PBXResourcesBuildPhase;
			buildActionMask = 2147483647;
			files = (
				010000000000000000000019 /* Assets.xcassets in Resources */,
			);
			runOnlyForDeploymentPostprocessing = 0;
		};
		0B0000000000000000000002 /* Resources */ = {
			isa = PBXResourcesBuildPhase;
			buildActionMask = 2147483647;
			files = (
				010000000000000000000104 /* tags.json in Resources */,
				010000000000000000000105 /* ps.json in Resources */,
				010000000000000000000106 /* generate.json in Resources */,
			);
			runOnlyForDeploymentPostprocessing = 0;
		};
/* End PBXResourcesBuildPhase section */

/* Begin PBXSourcesBuildPhase section */
		0A0000000000000000000001 /* Sources */ = {
			isa = PBXSourcesBuildPhase;
			buildActionMask = 2147483647;
			files = (
				010000000000000000000001 /* OllamaDashboardApp.swift in Sources */,
				010000000000000000000002 /* AppState.swift in Sources */,
				010000000000000000000003 /* OllamaModels.swift in Sources */,
				010000000000000000000004 /* AppSettings.swift in Sources */,
				010000000000000000000005 /* RuntimeProfile.swift in Sources */,
				010000000000000000000006 /* OllamaAPIClient.swift in Sources */,
				010000000000000000000007 /* OllamaCLIClient.swift in Sources */,
				010000000000000000000008 /* OllamaServiceMonitor.swift in Sources */,
				010000000000000000000009 /* BenchmarkService.swift in Sources */,
				01000000000000000000000A /* ProfileManager.swift in Sources */,
				01000000000000000000000B /* ByteFormatter.swift in Sources */,
				01000000000000000000000C /* DurationFormatter.swift in Sources */,
				01000000000000000000000D /* ModelNameValidator.swift in Sources */,
				01000000000000000000000E /* Logger.swift in Sources */,
				01000000000000000000000F /* MenuBarView.swift in Sources */,
				010000000000000000000010 /* CommonViews.swift in Sources */,
				010000000000000000000011 /* ServiceStatusView.swift in Sources */,
				010000000000000000000012 /* InstalledModelsView.swift in Sources */,
				010000000000000000000013 /* RunningModelsView.swift in Sources */,
				010000000000000000000014 /* ContextView.swift in Sources */,
				010000000000000000000015 /* BenchmarkView.swift in Sources */,
				010000000000000000000016 /* ProfilesView.swift in Sources */,
				010000000000000000000017 /* SettingsView.swift in Sources */,
				010000000000000000000018 /* AdvancedView.swift in Sources */,
			);
			runOnlyForDeploymentPostprocessing = 0;
		};
		0A0000000000000000000002 /* Sources */ = {
			isa = PBXSourcesBuildPhase;
			buildActionMask = 2147483647;
			files = (
				010000000000000000000101 /* ModelParsingTests.swift in Sources */,
				010000000000000000000102 /* OllamaAPIClientTests.swift in Sources */,
				010000000000000000000108 /* OllamaAPIClientRequestTests.swift in Sources */,
				010000000000000000000109 /* OllamaServiceMonitorTests.swift in Sources */,
				01000000000000000000010A /* ProfileAndSettingsTests.swift in Sources */,
				01000000000000000000010B /* FormattingAndViewPolicyTests.swift in Sources */,
				010000000000000000000107 /* TestDoubles.swift in Sources */,
				010000000000000000000103 /* Fixtures.swift in Sources */,
			);
			runOnlyForDeploymentPostprocessing = 0;
		};
/* End PBXSourcesBuildPhase section */

/* Begin PBXTargetDependency section */
		0C0000000000000000000001 /* PBXTargetDependency */ = {
			isa = PBXTargetDependency;
			target = 060000000000000000000001 /* OllamaDashboard */;
			targetProxy = 030000000000000000000001 /* PBXContainerItemProxy */;
		};
/* End PBXTargetDependency section */

/* Begin XCBuildConfiguration section */
		080000000000000000000002 /* Debug */ = {
			isa = XCBuildConfiguration;
			buildSettings = {
				ALWAYS_SEARCH_USER_PATHS = NO;
				CLANG_ENABLE_MODULES = YES;
				CLANG_ENABLE_OBJC_ARC = YES;
				COPY_PHASE_STRIP = NO;
				DEBUG_INFORMATION_FORMAT = dwarf;
				ENABLE_STRICT_OBJC_MSGSEND = YES;
				ENABLE_TESTABILITY = YES;
				GCC_C_LANGUAGE_STANDARD = gnu17;
				GCC_DYNAMIC_NO_PIC = NO;
				GCC_NO_COMMON_BLOCKS = YES;
				GCC_OPTIMIZATION_LEVEL = 0;
				MACOSX_DEPLOYMENT_TARGET = 13.0;
				MTL_ENABLE_DEBUG_INFO = INCLUDE_SOURCE;
				ONLY_ACTIVE_ARCH = YES;
				SDKROOT = macosx;
				SWIFT_ACTIVE_COMPILATION_CONDITIONS = DEBUG;
				SWIFT_VERSION = 6.0;
			};
			name = Debug;
		};
		080000000000000000000003 /* Release */ = {
			isa = XCBuildConfiguration;
			buildSettings = {
				ALWAYS_SEARCH_USER_PATHS = NO;
				CLANG_ENABLE_MODULES = YES;
				CLANG_ENABLE_OBJC_ARC = YES;
				COPY_PHASE_STRIP = NO;
				DEBUG_INFORMATION_FORMAT = "dwarf-with-dsym";
				ENABLE_NS_ASSERTIONS = NO;
				ENABLE_STRICT_OBJC_MSGSEND = YES;
				GCC_C_LANGUAGE_STANDARD = gnu17;
				GCC_NO_COMMON_BLOCKS = YES;
				MACOSX_DEPLOYMENT_TARGET = 13.0;
				MTL_ENABLE_DEBUG_INFO = NO;
				SDKROOT = macosx;
				SWIFT_COMPILATION_MODE = wholemodule;
				SWIFT_VERSION = 6.0;
			};
			name = Release;
		};
		080000000000000000000012 /* Debug */ = {
			isa = XCBuildConfiguration;
			buildSettings = {
				ASSETCATALOG_COMPILER_APPICON_NAME = AppIcon;
				CODE_SIGN_STYLE = Automatic;
				CURRENT_PROJECT_VERSION = 1;
				DEVELOPMENT_TEAM = "";
				GENERATE_INFOPLIST_FILE = YES;
				INFOPLIST_KEY_CFBundleDisplayName = OllamaDashboard;
				INFOPLIST_KEY_LSApplicationCategoryType = "public.app-category.utilities";
				INFOPLIST_KEY_LSUIElement = YES;
				LD_RUNPATH_SEARCH_PATHS = "$(inherited) @executable_path/../Frameworks";
				MARKETING_VERSION = 1.0;
				PRODUCT_BUNDLE_IDENTIFIER = com.local.OllamaDashboard;
				PRODUCT_NAME = "$(TARGET_NAME)";
				SWIFT_VERSION = 6.0;
			};
			name = Debug;
		};
		080000000000000000000013 /* Release */ = {
			isa = XCBuildConfiguration;
			buildSettings = {
				ASSETCATALOG_COMPILER_APPICON_NAME = AppIcon;
				CODE_SIGN_STYLE = Automatic;
				CURRENT_PROJECT_VERSION = 1;
				DEVELOPMENT_TEAM = "";
				GENERATE_INFOPLIST_FILE = YES;
				INFOPLIST_KEY_CFBundleDisplayName = OllamaDashboard;
				INFOPLIST_KEY_LSApplicationCategoryType = "public.app-category.utilities";
				INFOPLIST_KEY_LSUIElement = YES;
				LD_RUNPATH_SEARCH_PATHS = "$(inherited) @executable_path/../Frameworks";
				MARKETING_VERSION = 1.0;
				PRODUCT_BUNDLE_IDENTIFIER = com.local.OllamaDashboard;
				PRODUCT_NAME = "$(TARGET_NAME)";
				SWIFT_VERSION = 6.0;
			};
			name = Release;
		};
		080000000000000000000022 /* Debug */ = {
			isa = XCBuildConfiguration;
			buildSettings = {
				BUNDLE_LOADER = "$(TEST_HOST)";
				CODE_SIGN_STYLE = Automatic;
				CURRENT_PROJECT_VERSION = 1;
				DEVELOPMENT_TEAM = "";
				GENERATE_INFOPLIST_FILE = YES;
				LD_RUNPATH_SEARCH_PATHS = "$(inherited) @executable_path/../Frameworks @loader_path/../Frameworks";
				MARKETING_VERSION = 1.0;
				PRODUCT_BUNDLE_IDENTIFIER = com.local.OllamaDashboardTests;
				PRODUCT_NAME = "$(TARGET_NAME)";
				SWIFT_VERSION = 6.0;
				TEST_HOST = "$(BUILT_PRODUCTS_DIR)/OllamaDashboard.app/$(BUNDLE_EXECUTABLE_FOLDER_PATH)/OllamaDashboard";
			};
			name = Debug;
		};
		080000000000000000000023 /* Release */ = {
			isa = XCBuildConfiguration;
			buildSettings = {
				BUNDLE_LOADER = "$(TEST_HOST)";
				CODE_SIGN_STYLE = Automatic;
				CURRENT_PROJECT_VERSION = 1;
				DEVELOPMENT_TEAM = "";
				GENERATE_INFOPLIST_FILE = YES;
				LD_RUNPATH_SEARCH_PATHS = "$(inherited) @executable_path/../Frameworks @loader_path/../Frameworks";
				MARKETING_VERSION = 1.0;
				PRODUCT_BUNDLE_IDENTIFIER = com.local.OllamaDashboardTests;
				PRODUCT_NAME = "$(TARGET_NAME)";
				SWIFT_VERSION = 6.0;
				TEST_HOST = "$(BUILT_PRODUCTS_DIR)/OllamaDashboard.app/$(BUNDLE_EXECUTABLE_FOLDER_PATH)/OllamaDashboard";
			};
			name = Release;
		};
/* End XCBuildConfiguration section */

/* Begin XCConfigurationList section */
		080000000000000000000001 /* Build configuration list for PBXProject "OllamaDashboard" */ = {
			isa = XCConfigurationList;
			buildConfigurations = (
				080000000000000000000002 /* Debug */,
				080000000000000000000003 /* Release */,
			);
			defaultConfigurationIsVisible = 0;
			defaultConfigurationName = Release;
		};
		080000000000000000000011 /* Build configuration list for PBXNativeTarget "OllamaDashboard" */ = {
			isa = XCConfigurationList;
			buildConfigurations = (
				080000000000000000000012 /* Debug */,
				080000000000000000000013 /* Release */,
			);
			defaultConfigurationIsVisible = 0;
			defaultConfigurationName = Release;
		};
		080000000000000000000021 /* Build configuration list for PBXNativeTarget "OllamaDashboardTests" */ = {
			isa = XCConfigurationList;
			buildConfigurations = (
				080000000000000000000022 /* Debug */,
				080000000000000000000023 /* Release */,
			);
			defaultConfigurationIsVisible = 0;
			defaultConfigurationName = Release;
		};
/* End XCConfigurationList section */
	};
	rootObject = 090000000000000000000001 /* Project object */;
}
